// !$*UTF8*$!
{
	archiveVersion = 1;
	classes = {
	};
	objectVersion = 77;
	objects = {
		B8A30CFA56331C20569CC5C4 /* AppContainer.swift */ = {isa = PBXFileReference; lastKnownFileType = sourcecode.swift; path = "AppContainer.swift"; sourceTree = "<group>"; };
		CFF8E7CC625AC5F03E2E7A1A /* AppLifecycleManager.swift */ = {isa = PBXFileReference; lastKnownFileType = sourcecode.swift; path = "AppLifecycleManager.swift"; sourceTree = "<group>"; };
		A6404DA58F428DF9DA54D366 /* JanusSSHApp.swift */ = {isa = PBXFileReference; lastKnownFileType = sourcecode.swift; path = "JanusSSHApp.swift"; sourceTree = "<group>"; };
		1397F81873971FF1B1FB6A06 /* NotificationManager.swift */ = {isa = PBXFileReference; lastKnownFileType = sourcecode.swift; path = "NotificationManager.swift"; sourceTree = "<group>"; };
		EFDBB50FDF192AC87531B189 /* SSHHostManager.swift */ = {isa = PBXFileReference; lastKnownFileType = sourcecode.swift; path = "SSHHostManager.swift"; sourceTree = "<group>"; };
		9482A684D424C97D09E03615 /* SettingsManager.swift */ = {isa = PBXFileReference; lastKnownFileType = sourcecode.swift; path = "SettingsManager.swift"; sourceTree = "<group>"; };
		9234CF2D35FA4A63E2A23F87 /* RootView.swift */ = {isa = PBXFileReference; lastKnownFileType = sourcecode.swift; path = "RootView.swift"; sourceTree = "<group>"; };
		89C7792BB92E092F9CB90715 /* SidebarView.swift */ = {isa = PBXFileReference; lastKnownFileType = sourcecode.swift; path = "SidebarView.swift"; sourceTree = "<group>"; };
		2870B48F8EBE3F004621ABDB /* ProfileEditorView.swift */ = {isa = PBXFileReference; lastKnownFileType = sourcecode.swift; path = "ProfileEditorView.swift"; sourceTree = "<group>"; };
		60D5DBD86BDCE8516D98E5EC /* ProfileListView.swift */ = {isa = PBXFileReference; lastKnownFileType = sourcecode.swift; path = "ProfileListView.swift"; sourceTree = "<group>"; };
		319D0CEA7B9F2E9D1564C594 /* ProfileRunningView.swift */ = {isa = PBXFileReference; lastKnownFileType = sourcecode.swift; path = "ProfileRunningView.swift"; sourceTree = "<group>"; };
		E4072D1F7644686574CF00A9 /* SSHHostListView.swift */ = {isa = PBXFileReference; lastKnownFileType = sourcecode.swift; path = "SSHHostListView.swift"; sourceTree = "<group>"; };
		153A0EC53280E6A2A8ADD67B /* TunnelLogView.swift */ = {isa = PBXFileReference; lastKnownFileType = sourcecode.swift; path = "TunnelLogView.swift"; sourceTree = "<group>"; };
		000E7C54DD782015431D1219 /* SettingsView.swift */ = {isa = PBXFileReference; lastKnownFileType = sourcecode.swift; path = "SettingsView.swift"; sourceTree = "<group>"; };
		9F3CC3F70FAC64657D9C6E5C /* MenuBarView.swift */ = {isa = PBXFileReference; lastKnownFileType = sourcecode.swift; path = "MenuBarView.swift"; sourceTree = "<group>"; };
		F6C49E4434E4AB56F89617A9 /* Info.plist */ = {isa = PBXFileReference; lastKnownFileType = text.plist.xml; path = "Info.plist"; sourceTree = "<group>"; };
		76BD4D6B49A590282F3114B6 /* entitlements */ = {isa = PBXFileReference; lastKnownFileType = text.plist.entitlements; path = "entitlements"; sourceTree = "<group>"; };
		15A6AFAEA1D907442C3DF4B7 /* entitlements in Sources */ = {isa = PBXBuildFile; fileRef = B8A30CFA56331C20569CC5C4 /* entitlements */; };
		525EF0420538B65C7488E91C /* entitlements in Sources */ = {isa = PBXBuildFile; fileRef = CFF8E7CC625AC5F03E2E7A1A /* entitlements */; };
		1FE7BA235154E1BBDAB22254 /* entitlements in Sources */ = {isa = PBXBuildFile; fileRef = A6404DA58F428DF9DA54D366 /* entitlements */; };
		873FFD3E4A215FC97224DDBF /* entitlements in Sources */ = {isa = PBXBuildFile; fileRef = 1397F81873971FF1B1FB6A06 /* entitlements */; };
		B2BB224B7082EA7C73CB5BC8 /* entitlements in Sources */ = {isa = PBXBuildFile; fileRef = EFDBB50FDF192AC87531B189 /* entitlements */; };
		D5E806ECBD7133C2A1C3F65E /* entitlements in Sources */ = {isa = PBXBuildFile; fileRef = 9482A684D424C97D09E03615 /* entitlements */; };
		D0F2F68A95B3C045FBED5C5A /* entitlements in Sources */ = {isa = PBXBuildFile; fileRef = 9234CF2D35FA4A63E2A23F87 /* entitlements */; };
		581D927C599A41DB8EED1512 /* entitlements in Sources */ = {isa = PBXBuildFile; fileRef = 89C7792BB92E092F9CB90715 /* entitlements */; };
		0FE61473E8CEE2B2BEF90785 /* entitlements in Sources */ = {isa = PBXBuildFile; fileRef = 2870B48F8EBE3F004621ABDB /* entitlements */; };
		31CEB2F734D72D41A5D177CE /* entitlements in Sources */ = {isa = PBXBuildFile; fileRef = 60D5DBD86BDCE8516D98E5EC /* entitlements */; };
		75B8CAD57E29685459FDA358 /* entitlements in Sources */ = {isa = PBXBuildFile; fileRef = 319D0CEA7B9F2E9D1564C594 /* entitlements */; };
		2AE2B9AD234F607CFCD3030C /* entitlements in Sources */ = {isa = PBXBuildFile; fileRef = E4072D1F7644686574CF00A9 /* entitlements */; };
		54DA3771C994CD78D13C8CAE /* entitlements in Sources */ = {isa = PBXBuildFile; fileRef = 153A0EC53280E6A2A8ADD67B /* entitlements */; };
		2E4C4E1E2B62282F646EB4DE /* entitlements in Sources */ = {isa = PBXBuildFile; fileRef = 000E7C54DD782015431D1219 /* entitlements */; };
		15DC2038A18488D695F92105 /* entitlements in Sources */ = {isa = PBXBuildFile; fileRef = 9F3CC3F70FAC64657D9C6E5C /* entitlements */; };
		ABA5864FDE335C485EA1D70F /* entitlements in Resources */ = {isa = PBXBuildFile; fileRef = F6C49E4434E4AB56F89617A9 /* entitlements */; };
		1B4DE2EDC706E9A4CA3EF55C /* entitlements in Resources */ = {isa = PBXBuildFile; fileRef = 76BD4D6B49A590282F3114B6 /* entitlements */; };
		/* FileSystemSynchronizedRootGroup for App/ */
		AB438DF6EAD21C99D4E1D0B9 /* App */ = {isa = PBXFileSystemSynchronizedRootGroup; explicitFileTypes = {}; explicitFolders = (); path = App; sourceTree = "<group>"; };
		120F7FE792A79FFE399B3BD5 /* Presentation */ = {isa = PBXFileSystemSynchronizedRootGroup; explicitFileTypes = {}; explicitFolders = (); path = Presentation; sourceTree = "<group>"; };
		5928955287B8089ED2177128 = {
			isa = PBXGroup;
			children = (
				AB438DF6EAD21C99D4E1D0B9 /* App */,
				120F7FE792A79FFE399B3BD5 /* Presentation */,
				887A6F90336FF23D95C3914B /* Resources */,
				BF7A2D27A78D590BDEF15AF2 /* Products */,
			);
			sourceTree = "<group>";
		};
		887A6F90336FF23D95C3914B /* Resources */ = {
			isa = PBXGroup;
			children = (
				F6C49E4434E4AB56F89617A9 /* Info.plist */,
				76BD4D6B49A590282F3114B6 /* entitlements */,
			);
			path = Resources;
			sourceTree = "<group>";
		};
		BF7A2D27A78D590BDEF15AF2 /* Products */ = {
			isa = PBXGroup;
			children = (
				F5BF48AA40CAD7891EB709FC /* JanusSSH.app */,
			);
			name = Products;
			sourceTree = "<group>";
		};
		AB438DF6EAD21C99D4E1D0B9 /* App */.membershipExceptions = (
		E7209FB05162B7572F88D05E /* Sources */ = {
			isa = PBXSourcesBuildPhase;
			buildActionMask = 2147483647;
			files = (
				15A6AFAEA1D907442C3DF4B7 /* AppContainer.swift in Sources */,
				525EF0420538B65C7488E91C /* AppLifecycleManager.swift in Sources */,
				1FE7BA235154E1BBDAB22254 /* JanusSSHApp.swift in Sources */,
				873FFD3E4A215FC97224DDBF /* NotificationManager.swift in Sources */,
				B2BB224B7082EA7C73CB5BC8 /* SSHHostManager.swift in Sources */,
				D5E806ECBD7133C2A1C3F65E /* SettingsManager.swift in Sources */,
				D0F2F68A95B3C045FBED5C5A /* RootView.swift in Sources */,
				581D927C599A41DB8EED1512 /* SidebarView.swift in Sources */,
				0FE61473E8CEE2B2BEF90785 /* ProfileEditorView.swift in Sources */,
				31CEB2F734D72D41A5D177CE /* ProfileListView.swift in Sources */,
				75B8CAD57E29685459FDA358 /* ProfileRunningView.swift in Sources */,
				2AE2B9AD234F607CFCD3030C /* SSHHostListView.swift in Sources */,
				54DA3771C994CD78D13C8CAE /* TunnelLogView.swift in Sources */,
				2E4C4E1E2B62282F646EB4DE /* SettingsView.swift in Sources */,
				15DC2038A18488D695F92105 /* MenuBarView.swift in Sources */,
			);
			runOnlyForDeploymentPostprocessing = 0;
		};
		29B2D46AA747A59804D46E1F /* Frameworks */ = {
			isa = PBXFrameworksBuildPhase;
			buildActionMask = 2147483647;
			files = (
				917A65880104ADB60F0C12AC /* JanusSSHTunnelEngine in Frameworks */,
			);
			runOnlyForDeploymentPostprocessing = 0;
		};
		66F8606E9F0A136E2228EBCB /* Resources */ = {
			isa = PBXResourcesBuildPhase;
			buildActionMask = 2147483647;
			files = (
				ABA5864FDE335C485EA1D70F /* Info.plist in Resources */,
				1B4DE2EDC706E9A4CA3EF55C /* entitlements in Resources */,
			);
			runOnlyForDeploymentPostprocessing = 0;
		};
		42AEFBAE01D2DFD981F7DA7D /* JanusSSH */ = {
			isa = PBXNativeTarget;
			buildConfigurationList = AFD04581184175117C78D9AC /* Build configuration list for PBXNativeTarget "JanusSSH" */;
			buildPhases = (
				E7209FB05162B7572F88D05E /* Sources */,
				29B2D46AA747A59804D46E1F /* Frameworks */,
				66F8606E9F0A136E2228EBCB /* Resources */,
			);
			buildRules = (
			);
			dependencies = (
			);
			name = JanusSSH;
			packageProductDependencies = (
				4703E08AF92891B84A37B685 /* JanusSSHTunnelEngine */,
			);
			productName = JanusSSH;
			productReference = F5BF48AA40CAD7891EB709FC /* JanusSSH.app */;
			productType = "com.apple.product-type.application";
		};
		F5BF48AA40CAD7891EB709FC /* JanusSSH.app */ = {isa = PBXFileReference; explicitFileType = wrapper.application; includeInIndex = 0; path = JanusSSH.app; sourceTree = BUILT_PRODUCTS_DIR; };
		60A9CE1158622DDD1BF0380F /* JanusSSHTunnelEngine */ = {isa = XCLocalSwiftPackageReference; relativePath = ../JanusSSHTunnelEngine; };
		4703E08AF92891B84A37B685 /* JanusSSHTunnelEngine */ = {isa = XCSwiftPackageProductDependency; package = 60A9CE1158622DDD1BF0380F /* JanusSSHTunnelEngine */; productName = JanusSSHTunnelEngine; };
		917A65880104ADB60F0C12AC /* JanusSSHTunnelEngine in Frameworks */ = {isa = PBXBuildFile; productRef = 4703E08AF92891B84A37B685 /* JanusSSHTunnelEngine */; };
		46F86FAA6BBF9AC94A7E4595 /* Project object */ = {
			isa = PBXProject;
			attributes = {
				BuildIndependentTargetsInParallel = 1;
				LastSwiftUpdateCheck = 1610;
				LastUpgradeCheck = 1610;
				TargetAttributes = {
					42AEFBAE01D2DFD981F7DA7D = {
						CreatedOnToolsVersion = 16.0;
					};
				};
			};
			buildConfigurationList = 022E0F2E8ECAC35F5510DD6F /* Build configuration list for PBXProject "JanusSSH" */;
			compatibilityVersion = "Xcode 16.0";
			developmentRegion = en;
			hasScannedForEncodings = 0;
			knownRegions = (
				en,
				Base,
			);
			mainGroup = 5928955287B8089ED2177128;
			packageReferences = (
				60A9CE1158622DDD1BF0380F /* JanusSSHTunnelEngine */,
			);
			productRefGroup = BF7A2D27A78D590BDEF15AF2 /* Products */;
			projectDirPath = "";
			projectRoot = "";
			targets = (
				42AEFBAE01D2DFD981F7DA7D /* JanusSSH */,
			);
		};
	};
	rootObject = 46F86FAA6BBF9AC94A7E4595 /* Project object */;
		A3FA7BC046E62B1245F73497 /* Debug */ = {
			isa = XCBuildConfiguration;
			buildSettings = {
				ALWAYS_SEARCH_USER_PATHS = NO;
				CLANG_ANALYZER_NONNULL = YES;
				CLANG_ENABLE_MODULES = YES;
				CLANG_ENABLE_OBJC_ARC = YES;
				COPY_PHASE_STRIP = NO;
				DEBUG_INFORMATION_FORMAT = dwarf;
				ENABLE_TESTABILITY = YES;
				GCC_DYNAMIC_NO_PIC = NO;
				GCC_OPTIMIZATION_LEVEL = 0;
				GCC_PREPROCESSOR_DEFINITIONS = ("DEBUG=1", "$(inherited)");
				ONLY_ACTIVE_ARCH = YES;
				SWIFT_OPTIMIZATION_LEVEL = "-Onone";
				SWIFT_ACTIVE_COMPILATION_CONDITIONS = DEBUG;
				ENABLE_STRICT_OBJC_MSGSEND = YES;
				ENABLE_USER_SCRIPT_SANDBOXING = YES;
				GCC_C_LANGUAGE_STANDARD = gnu17;
				GCC_NO_COMMON_BLOCKS = YES;
				MACOSX_DEPLOYMENT_TARGET = 14.0;
				MTL_ENABLE_DEBUG_INFO = NO;
				SDKROOT = macosx;
				SWIFT_VERSION = 6.0;
			};
			name = "{name}";
		};
		E635DC0A16885DF2F7BE774B /* Release */ = {
			isa = XCBuildConfiguration;
			buildSettings = {
				ALWAYS_SEARCH_USER_PATHS = NO;
				CLANG_ANALYZER_NONNULL = YES;
				CLANG_ENABLE_MODULES = YES;
				CLANG_ENABLE_OBJC_ARC = YES;
				COPY_PHASE_STRIP = NO;
				DEBUG_INFORMATION_FORMAT = "dwarf-with-dsym";
				ENABLE_NS_ASSERTIONS = NO;
				SWIFT_OPTIMIZATION_LEVEL = "-O";
				ENABLE_STRICT_OBJC_MSGSEND = YES;
				ENABLE_USER_SCRIPT_SANDBOXING = YES;
				GCC_C_LANGUAGE_STANDARD = gnu17;
				GCC_NO_COMMON_BLOCKS = YES;
				MACOSX_DEPLOYMENT_TARGET = 14.0;
				MTL_ENABLE_DEBUG_INFO = NO;
				SDKROOT = macosx;
				SWIFT_VERSION = 6.0;
			};
			name = "{name}";
		};
		EA519AEBFC56C3FABDB22367 /* Debug */ = {
			isa = XCBuildConfiguration;
			buildSettings = {
				ASSETCATALOG_COMPILER_GLOBAL_ACCENT_COLOR_NAME = AccentColor;
				CODE_SIGN_ENTITLEMENTS = JanusSSH/Resources/JanusSSH.entitlements;
				CODE_SIGN_IDENTITY = "-";
				CODE_SIGN_STYLE = Manual;
				CODE_SIGNING_REQUIRED = NO;
				CODE_SIGNING_ALLOWED = NO;
				CURRENT_PROJECT_VERSION = 1;
				DEVELOPMENT_TEAM = "";
				ENABLE_HARDENED_RUNTIME = YES;
				ENABLE_PREVIEWS = YES;
				GENERATE_INFOPLIST_FILE = NO;
				INFOPLIST_FILE = JanusSSH/Resources/Info.plist;
				LD_RUNPATH_SEARCH_PATHS = ("$(inherited)", "@executable_path/../Frameworks");
				MACOSX_DEPLOYMENT_TARGET = 14.0;
				MARKETING_VERSION = 0.1.0;
				PRODUCT_BUNDLE_IDENTIFIER = "com.lshgdut.janus-ssh";
				PRODUCT_NAME = "$(TARGET_NAME)";
				SDKROOT = macosx;
				SWIFT_EMIT_LOC_STRINGS = YES;
				SWIFT_VERSION = 6.0;
			};
			name = "{name}";
		};
		80BB3E01927863D718CAEC94 /* Release */ = {
			isa = XCBuildConfiguration;
			buildSettings = {
				ASSETCATALOG_COMPILER_GLOBAL_ACCENT_COLOR_NAME = AccentColor;
				CODE_SIGN_ENTITLEMENTS = JanusSSH/Resources/JanusSSH.entitlements;
				CODE_SIGN_IDENTITY = "-";
				CODE_SIGN_STYLE = Manual;
				CODE_SIGNING_REQUIRED = NO;
				CODE_SIGNING_ALLOWED = NO;
				CURRENT_PROJECT_VERSION = 1;
				DEVELOPMENT_TEAM = "";
				ENABLE_HARDENED_RUNTIME = YES;
				ENABLE_PREVIEWS = YES;
				GENERATE_INFOPLIST_FILE = NO;
				INFOPLIST_FILE = JanusSSH/Resources/Info.plist;
				LD_RUNPATH_SEARCH_PATHS = ("$(inherited)", "@executable_path/../Frameworks");
				MACOSX_DEPLOYMENT_TARGET = 14.0;
				MARKETING_VERSION = 0.1.0;
				PRODUCT_BUNDLE_IDENTIFIER = "com.lshgdut.janus-ssh";
				PRODUCT_NAME = "$(TARGET_NAME)";
				SDKROOT = macosx;
				SWIFT_EMIT_LOC_STRINGS = YES;
				SWIFT_VERSION = 6.0;
			};
			name = "{name}";
		};
		022E0F2E8ECAC35F5510DD6F /* Build configuration list for PBXProject "JanusSSH" */ = {
			isa = XCConfigurationList;
			buildConfigurations = (
				A3FA7BC046E62B1245F73497 /* Debug */,
				E635DC0A16885DF2F7BE774B /* Release */,
			);
			defaultConfigurationIsVisible = 0;
			defaultConfigurationName = Release;
		};
		AFD04581184175117C78D9AC /* Build configuration list for PBXNativeTarget "JanusSSH" */ = {
			isa = XCConfigurationList;
			buildConfigurations = (
				EA519AEBFC56C3FABDB22367 /* Debug */,
				80BB3E01927863D718CAEC94 /* Release */,
			);
			defaultConfigurationIsVisible = 0;
			defaultConfigurationName = Release;
		};
}
}